
Microsoft Visual Studio Solution File, Format Version 12.00
# Visual Studio 15
VisualStudioVersion = 15.0.28010.2036
MinimumVisualStudioVersion = 10.0.40219.1
Project("{8BC9CEB8-8B4A-11D0-8D11-00A0C91BC942}") = "ShipBuildApp", "ShipBuildApp\ShipBuildApp.vcxproj", "{31EA72EA-B66B-4A0A-9FC9-03A642BBA010}"
EndProject
Global
	GlobalSection(SolutionConfigurationPlatforms) = preSolution
		Debug|Any CPU = Debug|Any CPU
		Debug|x64 = Debug|x64
		Debug|x86 = Debug|x86
		Release|Any CPU = Release|Any CPU
		Release|x64 = Release|x64
		Release|x86 = Release|x86
	EndGlobalSection
	GlobalSection(ProjectConfigurationPlatforms) = postSolution
		{31EA72EA-B66B-4A0A-9FC9-03A642BBA010}.Debug|Any CPU.ActiveCfg = Debug|Win32
		{31EA72EA-B66B-4A0A-9FC9-03A642BBA010}.Debug|x64.ActiveCfg = Debug|x64
		{31EA72EA-B66B-4A0A-9FC9-03A642BBA010}.Debug|x64.Build.0 = Debug|x64
		{31EA72EA-B66B-4A0A-9FC9-03A642BBA010}.Debug|x86.ActiveCfg = Debug|Win32
		{31EA72EA-B66B-4A0A-9FC9-03A642BBA010}.Debug|x86.Build.0 = Debug|Win32
		{31EA72EA-B66B-4A0A-9FC9-03A642BBA010}.Release|Any CPU.ActiveCfg = Release|Win32
		{31EA72EA-B66B-4A0A-9FC9-03A642BBA010}.Release|x64.ActiveCfg = Release|x64
		{31EA72EA-B66B-4A0A-9FC9-03A642BBA010}.Release|x64.Build.0 = Release|x64
		{31EA72EA-B66B-4A0A-9FC9-03A642BBA010}.Release|x86.ActiveCfg = Release|Win32
		{31EA72EA-B66B-4A0A-9FC9-03A642BBA010}.Release|x86.Build.0 = Release|Win32
	EndGlobalSection
	GlobalSection(SolutionProperties) = preSolution
		HideSolutionNode = FALSE
	EndGlobalSection
	GlobalSection(ExtensibilityGlobals) = postSolution
		SolutionGuid = {414C4294-9137-4C04-BCC0-77B203C47334}
	EndGlobalSection
EndGlobal
